// !$*UTF8*$!
{
	archiveVersion = 1;
	classes = {
	};
	objectVersion = 50;
	objects = {

/* Begin PBXBuildFile section */
		093AC1FE215F57F100D4C1FA /* ZYTextVc.m in Sources */ = {isa = PBXBuildFile; fileRef = 093AC1FC215F57F100D4C1FA /* ZYTextVc.m */; };
		093AC1FF215F57F100D4C1FA /* ZYTextVc.xib in Resources */ = {isa = PBXBuildFile; fileRef = 093AC1FD215F57F100D4C1FA /* ZYTextVc.xib */; };
		0943059A215CD77300700CBC /* ViewController.xib in Resources */ = {isa = PBXBuildFile; fileRef = 09430599215CD77200700CBC /* ViewController.xib */; };
		094305A0215CD7FE00700CBC /* ZYDelegatePorts.m in Sources */ = {isa = PBXBuildFile; fileRef = 0943059C215CD7FE00700CBC /* ZYDelegatePorts.m */; };
		094305A1215CD7FE00700CBC /* ZYHeaderBiggerPort.m in Sources */ = {isa = PBXBuildFile; fileRef = 0943059D215CD7FE00700CBC /* ZYHeaderBiggerPort.m */; };
		094305A5215CD8B200700CBC /* ZYInitializeVc.m in Sources */ = {isa = PBXBuildFile; fileRef = 094305A3215CD8B200700CBC /* ZYInitializeVc.m */; };
		098A3C15215F5A8500C87652 /* ZYTextEditPort.m in Sources */ = {isa = PBXBuildFile; fileRef = 098A3C14215F5A8500C87652 /* ZYTextEditPort.m */; };
		0993E9BE215B7A3200224AE7 /* AppDelegate.m in Sources */ = {isa = PBXBuildFile; fileRef = 0993E9BD215B7A3200224AE7 /* AppDelegate.m */; };
		0993E9C1215B7A3200224AE7 /* ViewController.m in Sources */ = {isa = PBXBuildFile; fileRef = 0993E9C0215B7A3200224AE7 /* ViewController.m */; };
		0993E9C6215B7A3300224AE7 /* Assets.xcassets in Resources */ = {isa = PBXBuildFile; fileRef = 0993E9C5215B7A3300224AE7 /* Assets.xcassets */; };
		0993E9C9215B7A3300224AE7 /* LaunchScreen.storyboard in Resources */ = {isa = PBXBuildFile; fileRef = 0993E9C7215B7A3300224AE7 /* LaunchScreen.storyboard */; };
		0993E9CC215B7A3300224AE7 /* main.m in Sources */ = {isa = PBXBuildFile; fileRef = 0993E9CB215B7A3300224AE7 /* main.m */; };
		0993E9D6215B7A3400224AE7 /* MethodForwardTests.m in Sources */ = {isa = PBXBuildFile; fileRef = 0993E9D5215B7A3400224AE7 /* MethodForwardTests.m */; };
		0993E9E1215B7A3400224AE7 /* MethodForwardUITests.m in Sources */ = {isa = PBXBuildFile; fileRef = 0993E9E0215B7A3400224AE7 /* MethodForwardUITests.m */; };
/* End PBXBuildFile section */

/* Begin PBXContainerItemProxy section */
		0993E9D2215B7A3400224AE7 /* PBXContainerItemProxy */ = {
			isa = PBXContainerItemProxy;
			containerPortal = 0993E9B1215B7A3200224AE7 /* Project object */;
			proxyType = 1;
			remoteGlobalIDString = 0993E9B8215B7A3200224AE7;
			remoteInfo = MethodForward;
		};
		0993E9DD215B7A3400224AE7 /* PBXContainerItemProxy */ = {
			isa = PBXContainerItemProxy;
			containerPortal = 0993E9B1215B7A3200224AE7 /* Project object */;
			proxyType = 1;
			remoteGlobalIDString = 0993E9B8215B7A3200224AE7;
			remoteInfo = MethodForward;
		};
/* End PBXContainerItemProxy section */

/* Begin PBXFileReference section */
		093AC1FB215F57F100D4C1FA /* ZYTextVc.h */ = {isa = PBXFileReference; lastKnownFileType = sourcecode.c.h; path = ZYTextVc.h; sourceTree = "<group>"; };
		093AC1FC215F57F100D4C1FA /* ZYTextVc.m */ = {isa = PBXFileReference; lastKnownFileType = sourcecode.c.objc; path = ZYTextVc.m; sourceTree = "<group>"; };
		093AC1FD215F57F100D4C1FA /* ZYTextVc.xib */ = {isa = PBXFileReference; lastKnownFileType = file.xib; path = ZYTextVc.xib; sourceTree = "<group>"; };
		09430599215CD77200700CBC /* ViewController.xib */ = {isa = PBXFileReference; lastKnownFileType = file.xib; path = ViewController.xib; sourceTree = "<group>"; };
		0943059C215CD7FE00700CBC /* ZYDelegatePorts.m */ = {isa = PBXFileReference; fileEncoding = 4; lastKnownFileType = sourcecode.c.objc; path = ZYDelegatePorts.m; sourceTree = "<group>"; };
		0943059D215CD7FE00700CBC /* ZYHeaderBiggerPort.m */ = {isa = PBXFileReference; fileEncoding = 4; lastKnownFileType = sourcecode.c.objc; path = ZYHeaderBiggerPort.m; sourceTree = "<group>"; };
		0943059E215CD7FE00700CBC /* ZYDelegatePorts.h */ = {isa = PBXFileReference; fileEncoding = 4; lastKnownFileType = sourcecode.c.h; path = ZYDelegatePorts.h; sourceTree = "<group>"; };
		0943059F215CD7FE00700CBC /* ZYHeaderBiggerPort.h */ = {isa = PBXFileReference; fileEncoding = 4; lastKnownFileType = sourcecode.c.h; path = ZYHeaderBiggerPort.h; sourceTree = "<group>"; };
		094305A2215CD8B200700CBC /* ZYInitializeVc.h */ = {isa = PBXFileReference; lastKnownFileType = sourcecode.c.h; path = ZYInitializeVc.h; sourceTree = "<group>"; };
		094305A3215CD8B200700CBC /* ZYInitializeVc.m */ = {isa = PBXFileReference; lastKnownFileType = sourcecode.c.objc; path = ZYInitializeVc.m; sourceTree = "<group>"; };
		094305A8215CD9D400700CBC /* PrefixHeader.pch */ = {isa = PBXFileReference; lastKnownFileType = sourcecode.c.h; path = PrefixHeader.pch; sourceTree = "<group>"; };
		098A3C13215F5A8500C87652 /* ZYTextEditPort.h */ = {isa = PBXFileReference; lastKnownFileType = sourcecode.c.h; path = ZYTextEditPort.h; sourceTree = "<group>"; };
		098A3C14215F5A8500C87652 /* ZYTextEditPort.m */ = {isa = PBXFileReference; lastKnownFileType = sourcecode.c.objc; path = ZYTextEditPort.m; sourceTree = "<group>"; };
		0993E9B9215B7A3200224AE7 /* MethodForward.app */ = {isa = PBXFileReference; explicitFileType = wrapper.application; includeInIndex = 0; path = MethodForward.app; sourceTree = BUILT_PRODUCTS_DIR; };
		0993E9BC215B7A3200224AE7 /* AppDelegate.h */ = {isa = PBXFileReference; lastKnownFileType = sourcecode.c.h; path = AppDelegate.h; sourceTree = "<group>"; };
		0993E9BD215B7A3200224AE7 /* AppDelegate.m */ = {isa = PBXFileReference; lastKnownFileType = sourcecode.c.objc; path = AppDelegate.m; sourceTree = "<group>"; };
		0993E9BF215B7A3200224AE7 /* ViewController.h */ = {isa = PBXFileReference; lastKnownFileType = sourcecode.c.h; path = ViewController.h; sourceTree = "<group>"; };
		0993E9C0215B7A3200224AE7 /* ViewController.m */ = {isa = PBXFileReference; lastKnownFileType = sourcecode.c.objc; path = ViewController.m; sourceTree = "<group>"; };
		0993E9C5215B7A3300224AE7 /* Assets.xcassets */ = {isa = PBXFileReference; lastKnownFileType = folder.assetcatalog; path = Assets.xcassets; sourceTree = "<group>"; };
		0993E9C8215B7A3300224AE7 /* Base */ = {isa = PBXFileReference; lastKnownFileType = file.storyboard; name = Base; path = Base.lproj/LaunchScreen.storyboard; sourceTree = "<group>"; };
		0993E9CA215B7A3300224AE7 /* Info.plist */ = {isa = PBXFileReference; lastKnownFileType = text.plist.xml; path = Info.plist; sourceTree = "<group>"; };
		0993E9CB215B7A3300224AE7 /* main.m */ = {isa = PBXFileReference; lastKnownFileType = sourcecode.c.objc; path = main.m; sourceTree = "<group>"; };
		0993E9D1215B7A3400224AE7 /* MethodForwardTests.xctest */ = {isa = PBXFileReference; explicitFileType = wrapper.cfbundle; includeInIndex = 0; path = MethodForwardTests.xctest; sourceTree = BUILT_PRODUCTS_DIR; };
		0993E9D5215B7A3400224AE7 /* MethodForwardTests.m */ = {isa = PBXFileReference; lastKnownFileType = sourcecode.c.objc; path = MethodForwardTests.m; sourceTree = "<group>"; };
		0993E9D7215B7A3400224AE7 /* Info.plist */ = {isa = PBXFileReference; lastKnownFileType = text.plist.xml; path = Info.plist; sourceTree = "<group>"; };
		0993E9DC215B7A3400224AE7 /* MethodForwardUITests.xctest */ = {isa = PBXFileReference; explicitFileType = wrapper.cfbundle; includeInIndex = 0; path = MethodForwardUITests.xctest; sourceTree = BUILT_PRODUCTS_DIR; };
		0993E9E0215B7A3400224AE7 /* MethodForwardUITests.m */ = {isa = PBXFileReference; lastKnownFileType = sourcecode.c.objc; path = MethodForwardUITests.m; sourceTree = "<group>"; };
		0993E9E2215B7A3400224AE7 /* Info.plist */ = {isa = PBXFileReference; lastKnownFileType = text.plist.xml; path = Info.plist; sourceTree = "<group>"; };
/* End PBXFileReference section */

/* Begin PBXFrameworksBuildPhase section */
		0993E9B6215B7A3200224AE7 /* Frameworks */ = {
			isa = PBXFrameworksBuildPhase;
			buildActionMask = 2147483647;
			files = (
			);
			runOnlyForDeploymentPostprocessing = 0;
		};
		0993E9CE215B7A3400224AE7 /* Frameworks */ = {
			isa = PBXFrameworksBuildPhase;
			buildActionMask = 2147483647;
			files = (
			);
			runOnlyForDeploymentPostprocessing = 0;
		};
		0993E9D9215B7A3400224AE7 /* Frameworks */ = {
			isa = PBXFrameworksBuildPhase;
			buildActionMask = 2147483647;
			files = (
			);
			runOnlyForDeploymentPostprocessing = 0;
		};
/* End PBXFrameworksBuildPhase section */

/* Begin PBXGroup section */
		0943059B215CD7FE00700CBC /* Port */ = {
			isa = PBXGroup;
			children = (
				0943059E215CD7FE00700CBC /* ZYDelegatePorts.h */,
				0943059C215CD7FE00700CBC /* ZYDelegatePorts.m */,
				0943059F215CD7FE00700CBC /* ZYHeaderBiggerPort.h */,
				0943059D215CD7FE00700CBC /* ZYHeaderBiggerPort.m */,
				098A3C13215F5A8500C87652 /* ZYTextEditPort.h */,
				098A3C14215F5A8500C87652 /* ZYTextEditPort.m */,
			);
			path = Port;
			sourceTree = "<group>";
		};
		0993E9B0215B7A3200224AE7 = {
			isa = PBXGroup;
			children = (
				0993E9BB215B7A3200224AE7 /* MethodForward */,
				0993E9D4215B7A3400224AE7 /* MethodForwardTests */,
				0993E9DF215B7A3400224AE7 /* MethodForwardUITests */,
				0993E9BA215B7A3200224AE7 /* Products */,
			);
			sourceTree = "<group>";
		};
		0993E9BA215B7A3200224AE7 /* Products */ = {
			isa = PBXGroup;
			children = (
				0993E9B9215B7A3200224AE7 /* MethodForward.app */,
				0993E9D1215B7A3400224AE7 /* MethodForwardTests.xctest */,
				0993E9DC215B7A3400224AE7 /* MethodForwardUITests.xctest */,
			);
			name = Products;
			sourceTree = "<group>";
		};
		0993E9BB215B7A3200224AE7 /* MethodForward */ = {
			isa = PBXGroup;
			children = (
				0943059B215CD7FE00700CBC /* Port */,
				0993E9BC215B7A3200224AE7 /* AppDelegate.h */,
				0993E9BD215B7A3200224AE7 /* AppDelegate.m */,
				094305A2215CD8B200700CBC /* ZYInitializeVc.h */,
				094305A3215CD8B200700CBC /* ZYInitializeVc.m */,
				0993E9BF215B7A3200224AE7 /* ViewController.h */,
				0993E9C0215B7A3200224AE7 /* ViewController.m */,
				09430599215CD77200700CBC /* ViewController.xib */,
				093AC1FB215F57F100D4C1FA /* ZYTextVc.h */,
				093AC1FC215F57F100D4C1FA /* ZYTextVc.m */,
				093AC1FD215F57F100D4C1FA /* ZYTextVc.xib */,
				0993E9C5215B7A3300224AE7 /* Assets.xcassets */,
				0993E9C7215B7A3300224AE7 /* LaunchScreen.storyboard */,
				0993E9CA215B7A3300224AE7 /* Info.plist */,
				0993E9CB215B7A3300224AE7 /* main.m */,
				094305A8215CD9D400700CBC /* PrefixHeader.pch */,
			);
			path = MethodForward;
			sourceTree = "<group>";
		};
		0993E9D4215B7A3400224AE7 /* MethodForwardTests */ = {
			isa = PBXGroup;
			children = (
				0993E9D5215B7A3400224AE7 /* MethodForwardTests.m */,
				0993E9D7215B7A3400224AE7 /* Info.plist */,
			);
			path = MethodForwardTests;
			sourceTree = "<group>";
		};
		0993E9DF215B7A3400224AE7 /* MethodForwardUITests */ = {
			isa = PBXGroup;
			children = (
				0993E9E0215B7A3400224AE7 /* MethodForwardUITests.m */,
				0993E9E2215B7A3400224AE7 /* Info.plist */,
			);
			path = MethodForwardUITests;
			sourceTree = "<group>";
		};
/* End PBXGroup section */

/* Begin PBXNativeTarget section */
		0993E9B8215B7A3200224AE7 /* MethodForward */ = {
			isa = PBXNativeTarget;
			buildConfigurationList = 0993E9E5215B7A3400224AE7 /* Build configuration list for PBXNativeTarget "MethodForward" */;
			buildPhases = (
				0993E9B5215B7A3200224AE7 /* Sources */,
				0993E9B6215B7A3200224AE7 /* Frameworks */,
				0993E9B7215B7A3200224AE7 /* Resources */,
			);
			buildRules = (
			);
			dependencies = (
			);
			name = MethodForward;
			productName = MethodForward;
			productReference = 0993E9B9215B7A3200224AE7 /* MethodForward.app */;
			productType = "com.apple.product-type.application";
		};
		0993E9D0215B7A3400224AE7 /* MethodForwardTests */ = {
			isa = PBXNativeTarget;
			buildConfigurationList = 0993E9E8215B7A3400224AE7 /* Build configuration list for PBXNativeTarget "MethodForwardTests" */;
			buildPhases = (
				0993E9CD215B7A3400224AE7 /* Sources */,
				0993E9CE215B7A3400224AE7 /* Frameworks */,
				0993E9CF215B7A3400224AE7 /* Resources */,
			);
			buildRules = (
			);
			dependencies = (
				0993E9D3215B7A3400224AE7 /* PBXTargetDependency */,
			);
			name = MethodForwardTests;
			productName = MethodForwardTests;
			productReference = 0993E9D1215B7A3400224AE7 /* MethodForwardTests.xctest */;
			productType = "com.apple.product-type.bundle.unit-test";
		};
		0993E9DB215B7A3400224AE7 /* MethodForwardUITests */ = {
			isa = PBXNativeTarget;
			buildConfigurationList = 0993E9EB215B7A3400224AE7 /* Build configuration list for PBXNativeTarget "MethodForwardUITests" */;
			buildPhases = (
				0993E9D8215B7A3400224AE7 /* Sources */,
				0993E9D9215B7A3400224AE7 /* Frameworks */,
				0993E9DA215B7A3400224AE7 /* Resources */,
			);
			buildRules = (
			);
			dependencies = (
				0993E9DE215B7A3400224AE7 /* PBXTargetDependency */,
			);
			name = MethodForwardUITests;
			productName = MethodForwardUITests;
			productReference = 0993E9DC215B7A3400224AE7 /* MethodForwardUITests.xctest */;
			productType = "com.apple.product-type.bundle.ui-testing";
		};
/* End PBXNativeTarget section */

/* Begin PBXProject section */
		0993E9B1215B7A3200224AE7 /* Project object */ = {
			isa = PBXProject;
			attributes = {
				LastUpgradeCheck = 0940;
				ORGANIZATIONNAME = wzp;
				TargetAttributes = {
					0993E9B8215B7A3200224AE7 = {
						CreatedOnToolsVersion = 9.4.1;
					};
					0993E9D0215B7A3400224AE7 = {
						CreatedOnToolsVersion = 9.4.1;
						TestTargetID = 0993E9B8215B7A3200224AE7;
					};
					0993E9DB215B7A3400224AE7 = {
						CreatedOnToolsVersion = 9.4.1;
						TestTargetID = 0993E9B8215B7A3200224AE7;
					};
				};
			};
			buildConfigurationList = 0993E9B4215B7A3200224AE7 /* Build configuration list for PBXProject "MethodForward" */;
			compatibilityVersion = "Xcode 9.3";
			developmentRegion = en;
			hasScannedForEncodings = 0;
			knownRegions = (
				en,
				Base,
			);
			mainGroup = 0993E9B0215B7A3200224AE7;
			productRefGroup = 0993E9BA215B7A3200224AE7 /* Products */;
			projectDirPath = "";
			projectRoot = "";
			targets = (
				0993E9B8215B7A3200224AE7 /* MethodForward */,
				0993E9D0215B7A3400224AE7 /* MethodForwardTests */,
				0993E9DB215B7A3400224AE7 /* MethodForwardUITests */,
			);
		};
/* End PBXProject section */

/* Begin PBXResourcesBuildPhase section */
		0993E9B7215B7A3200224AE7 /* Resources */ = {
			isa = PBXResourcesBuildPhase;
			buildActionMask = 2147483647;
			files = (
				0993E9C9215B7A3300224AE7 /* LaunchScreen.storyboard in Resources */,
				0943059A215CD77300700CBC /* ViewController.xib in Resources */,
				093AC1FF215F57F100D4C1FA /* ZYTextVc.xib in Resources */,
				0993E9C6215B7A3300224AE7 /* Assets.xcassets in Resources */,
			);
			runOnlyForDeploymentPostprocessing = 0;
		};
		0993E9CF215B7A3400224AE7 /* Resources */ = {
			isa = PBXResourcesBuildPhase;
			buildActionMask = 2147483647;
			files = (
			);
			runOnlyForDeploymentPostprocessing = 0;
		};
		0993E9DA215B7A3400224AE7 /* Resources */ = {
			isa = PBXResourcesBuildPhase;
			buildActionMask = 2147483647;
			files = (
			);
			runOnlyForDeploymentPostprocessing = 0;
		};
/* End PBXResourcesBuildPhase section */

/* Begin PBXSourcesBuildPhase section */
		0993E9B5215B7A3200224AE7 /* Sources */ = {
			isa = PBXSourcesBuildPhase;
			buildActionMask = 2147483647;
			files = (
				0993E9C1215B7A3200224AE7 /* ViewController.m in Sources */,
				094305A5215CD8B200700CBC /* ZYInitializeVc.m in Sources */,
				0993E9CC215B7A3300224AE7 /* main.m in Sources */,
				094305A1215CD7FE00700CBC /* ZYHeaderBiggerPort.m in Sources */,
				094305A0215CD7FE00700CBC /* ZYDelegatePorts.m in Sources */,
				093AC1FE215F57F100D4C1FA /* ZYTextVc.m in Sources */,
				098A3C15215F5A8500C87652 /* ZYTextEditPort.m in Sources */,
				0993E9BE215B7A3200224AE7 /* AppDelegate.m in Sources */,
			);
			runOnlyForDeploymentPostprocessing = 0;
		};
		0993E9CD215B7A3400224AE7 /* Sources */ = {
			isa = PBXSourcesBuildPhase;
			buildActionMask = 2147483647;
			files = (
				0993E9D6215B7A3400224AE7 /* MethodForwardTests.m in Sources */,
			);
			runOnlyForDeploymentPostprocessing = 0;
		};
		0993E9D8215B7A3400224AE7 /* Sources */ = {
			isa = PBXSourcesBuildPhase;
			buildActionMask = 2147483647;
			files = (
				0993E9E1215B7A3400224AE7 /* MethodForwardUITests.m in Sources */,
			);
			runOnlyForDeploymentPostprocessing = 0;
		};
/* End PBXSourcesBuildPhase section */

/* Begin PBXTargetDependency section */
		0993E9D3215B7A3400224AE7 /* PBXTargetDependency */ = {
			isa = PBXTargetDependency;
			target = 0993E9B8215B7A3200224AE7 /* MethodForward */;
			targetProxy = 0993E9D2215B7A3400224AE7 /* PBXContainerItemProxy */;
		};
		0993E9DE215B7A3400224AE7 /* PBXTargetDependency */ = {
			isa = PBXTargetDependency;
			target = 0993E9B8215B7A3200224AE7 /* MethodForward */;
			targetProxy = 0993E9DD215B7A3400224AE7 /* PBXContainerItemProxy */;
		};
/* End PBXTargetDependency section */

/* Begin PBXVariantGroup section */
		0993E9C7215B7A3300224AE7 /* LaunchScreen.storyboard */ = {
			isa = PBXVariantGroup;
			children = (
				0993E9C8215B7A3300224AE7 /* Base */,
			);
			name = LaunchScreen.storyboard;
			sourceTree = "<group>";
		};
/* End PBXVariantGroup section */

/* Begin XCBuildConfiguration section */
		0993E9E3215B7A3400224AE7 /* Debug */ = {
			isa = XCBuildConfiguration;
			buildSettings = {
				ALWAYS_SEARCH_USER_PATHS = NO;
				CLANG_ANALYZER_NONNULL = YES;
				CLANG_ANALYZER_NUMBER_OBJECT_CONVERSION = YES_AGGRESSIVE;
				CLANG_CXX_LANGUAGE_STANDARD = "gnu++14";
				CLANG_CXX_LIBRARY = "libc++";
				CLANG_ENABLE_MODULES = YES;
				CLANG_ENABLE_OBJC_ARC = YES;
				CLANG_ENABLE_OBJC_WEAK = YES;
				CLANG_WARN_BLOCK_CAPTURE_AUTORELEASING = YES;
				CLANG_WARN_BOOL_CONVERSION = YES;
				CLANG_WARN_COMMA = YES;
				CLANG_WARN_CONSTANT_CONVERSION = YES;
				CLANG_WARN_DEPRECATED_OBJC_IMPLEMENTATIONS = YES;
				CLANG_WARN_DIRECT_OBJC_ISA_USAGE = YES_ERROR;
				CLANG_WARN_DOCUMENTATION_COMMENTS = YES;
				CLANG_WARN_EMPTY_BODY = YES;
				CLANG_WARN_ENUM_CONVERSION = YES;
				CLANG_WARN_INFINITE_RECURSION = YES;
				CLANG_WARN_INT_CONVERSION = YES;
				CLANG_WARN_NON_LITERAL_NULL_CONVERSION = YES;
				CLANG_WARN_OBJC_IMPLICIT_RETAIN_SELF = YES;
				CLANG_WARN_OBJC_LITERAL_CONVERSION = YES;
				CLANG_WARN_OBJC_ROOT_CLASS = YES_ERROR;
				CLANG_WARN_RANGE_LOOP_ANALYSIS = YES;
				CLANG_WARN_STRICT_PROTOTYPES = YES;
				CLANG_WARN_SUSPICIOUS_MOVE = YES;
				CLANG_WARN_UNGUARDED_AVAILABILITY = YES_AGGRESSIVE;
				CLANG_WARN_UNREACHABLE_CODE = YES;
				CLANG_WARN__DUPLICATE_METHOD_MATCH = YES;
				CODE_SIGN_IDENTITY = "iPhone Developer";
				COPY_PHASE_STRIP = NO;
				DEBUG_INFORMATION_FORMAT = dwarf;
				ENABLE_STRICT_OBJC_MSGSEND = YES;
				ENABLE_TESTABILITY = YES;
				GCC_C_LANGUAGE_STANDARD = gnu11;
				GCC_DYNAMIC_NO_PIC = NO;
				GCC_NO_COMMON_BLOCKS = YES;
				GCC_OPTIMIZATION_LEVEL = 0;
				GCC_PRECOMPILE_PREFIX_HEADER = NO;
				GCC_PREPROCESSOR_DEFINITIONS = (
					"DEBUG=1",
					"$(inherited)",
				);
				GCC_WARN_64_TO_32_BIT_CONVERSION = YES;
				GCC_WARN_ABOUT_RETURN_TYPE = YES_ERROR;
				GCC_WARN_UNDECLARED_SELECTOR = YES;
				GCC_WARN_UNINITIALIZED_AUTOS = YES_AGGRESSIVE;
				GCC_WARN_UNUSED_FUNCTION = YES;
				GCC_WARN_UNUSED_VARIABLE = YES;
				IPHONEOS_DEPLOYMENT_TARGET = 11.4;
				MTL_ENABLE_DEBUG_INFO = YES;
				ONLY_ACTIVE_ARCH = YES;
				SDKROOT = iphoneos;
			};
			name = Debug;
		};
		0993E9E4215B7A3400224AE7 /* Release */ = {
			isa = XCBuildConfiguration;
			buildSettings = {
				ALWAYS_SEARCH_USER_PATHS = NO;
				CLANG_ANALYZER_NONNULL = YES;
				CLANG_ANALYZER_NUMBER_OBJECT_CONVERSION = YES_AGGRESSIVE;
				CLANG_CXX_LANGUAGE_STANDARD = "gnu++14";
				CLANG_CXX_LIBRARY = "libc++";
				CLANG_ENABLE_MODULES = YES;
				CLANG_ENABLE_OBJC_ARC = YES;
				CLANG_ENABLE_OBJC_WEAK = YES;
				CLANG_WARN_BLOCK_CAPTURE_AUTORELEASING = YES;
				CLANG_WARN_BOOL_CONVERSION = YES;
				CLANG_WARN_COMMA = YES;
				CLANG_WARN_CONSTANT_CONVERSION = YES;
				CLANG_WARN_DEPRECATED_OBJC_IMPLEMENTATIONS = YES;
				CLANG_WARN_DIRECT_OBJC_ISA_USAGE = YES_ERROR;
				CLANG_WARN_DOCUMENTATION_COMMENTS = YES;
				CLANG_WARN_EMPTY_BODY = YES;
				CLANG_WARN_ENUM_CONVERSION = YES;
				CLANG_WARN_INFINITE_RECURSION = YES;
				CLANG_WARN_INT_CONVERSION = YES;
				CLANG_WARN_NON_LITERAL_NULL_CONVERSION = YES;
				CLANG_WARN_OBJC_IMPLICIT_RETAIN_SELF = YES;
				CLANG_WARN_OBJC_LITERAL_CONVERSION = YES;
				CLANG_WARN_OBJC_ROOT_CLASS = YES_ERROR;
				CLANG_WARN_RANGE_LOOP_ANALYSIS = YES;
				CLANG_WARN_STRICT_PROTOTYPES = YES;
				CLANG_WARN_SUSPICIOUS_MOVE = YES;
				CLANG_WARN_UNGUARDED_AVAILABILITY = YES_AGGRESSIVE;
				CLANG_WARN_UNREACHABLE_CODE = YES;
				CLANG_WARN__DUPLICATE_METHOD_MATCH = YES;
				CODE_SIGN_IDENTITY = "iPhone Developer";
				COPY_PHASE_STRIP = NO;
				DEBUG_INFORMATION_FORMAT = "dwarf-with-dsym";
				ENABLE_NS_ASSERTIONS = NO;
				ENABLE_STRICT_OBJC_MSGSEND = YES;
				GCC_C_LANGUAGE_STANDARD = gnu11;
				GCC_NO_COMMON_BLOCKS = YES;
				GCC_PRECOMPILE_PREFIX_HEADER = NO;
				GCC_WARN_64_TO_32_BIT_CONVERSION = YES;
				GCC_WARN_ABOUT_RETURN_TYPE = YES_ERROR;
				GCC_WARN_UNDECLARED_SELECTOR = YES;
				GCC_WARN_UNINITIALIZED_AUTOS = YES_AGGRESSIVE;
				GCC_WARN_UNUSED_FUNCTION = YES;
				GCC_WARN_UNUSED_VARIABLE = YES;
				IPHONEOS_DEPLOYMENT_TARGET = 11.4;
				MTL_ENABLE_DEBUG_INFO = NO;
				SDKROOT = iphoneos;
				VALIDATE_PRODUCT = YES;
			};
			name = Release;
		};
		0993E9E6215B7A3400224AE7 /* Debug */ = {
			isa = XCBuildConfiguration;
			buildSettings = {
				ASSETCATALOG_COMPILER_APPICON_NAME = AppIcon;
				CODE_SIGN_STYLE = Automatic;
				DEVELOPMENT_TEAM = T6FCKHRT95;
				GCC_INCREASE_PRECOMPILED_HEADER_SHARING = NO;
				GCC_PRECOMPILE_PREFIX_HEADER = YES;
				GCC_PREFIX_HEADER = MethodForward/PrefixHeader.pch;
				INFOPLIST_FILE = MethodForward/Info.plist;
				LD_RUNPATH_SEARCH_PATHS = (
					"$(inherited)",
					"@executable_path/Frameworks",
				);
				PRODUCT_BUNDLE_IDENTIFIER = xxxx.MethodForward;
				PRODUCT_NAME = "$(TARGET_NAME)";
				TARGETED_DEVICE_FAMILY = "1,2";
			};
			name = Debug;
		};
		0993E9E7215B7A3400224AE7 /* Release */ = {
			isa = XCBuildConfiguration;
			buildSettings = {
				ASSETCATALOG_COMPILER_APPICON_NAME = AppIcon;
				CODE_SIGN_STYLE = Automatic;
				DEVELOPMENT_TEAM = T6FCKHRT95;
				GCC_INCREASE_PRECOMPILED_HEADER_SHARING = NO;
				GCC_PRECOMPILE_PREFIX_HEADER = YES;
				GCC_PREFIX_HEADER = MethodForward/PrefixHeader.pch;
				INFOPLIST_FILE = MethodForward/Info.plist;
				LD_RUNPATH_SEARCH_PATHS = (
					"$(inherited)",
					"@executable_path/Frameworks",
				);
				PRODUCT_BUNDLE_IDENTIFIER = xxxx.MethodForward;
				PRODUCT_NAME = "$(TARGET_NAME)";
				TARGETED_DEVICE_FAMILY = "1,2";
			};
			name = Release;
		};
		0993E9E9215B7A3400224AE7 /* Debug */ = {
			isa = XCBuildConfiguration;
			buildSettings = {
				BUNDLE_LOADER = "$(TEST_HOST)";
				CODE_SIGN_STYLE = Automatic;
				DEVELOPMENT_TEAM = T6FCKHRT95;
				INFOPLIST_FILE = MethodForwardTests/Info.plist;
				LD_RUNPATH_SEARCH_PATHS = (
					"$(inherited)",
					"@executable_path/Frameworks",
					"@loader_path/Frameworks",
				);
				PRODUCT_BUNDLE_IDENTIFIER = xxxx.MethodForwardTests;
				PRODUCT_NAME = "$(TARGET_NAME)";
				TARGETED_DEVICE_FAMILY = "1,2";
				TEST_HOST = "$(BUILT_PRODUCTS_DIR)/MethodForward.app/MethodForward";
			};
			name = Debug;
		};
		0993E9EA215B7A3400224AE7 /* Release */ = {
			isa = XCBuildConfiguration;
			buildSettings = {
				BUNDLE_LOADER = "$(TEST_HOST)";
				CODE_SIGN_STYLE = Automatic;
				DEVELOPMENT_TEAM = T6FCKHRT95;
				INFOPLIST_FILE = MethodForwardTests/Info.plist;
				LD_RUNPATH_SEARCH_PATHS = (
					"$(inherited)",
					"@executable_path/Frameworks",
					"@loader_path/Frameworks",
				);
				PRODUCT_BUNDLE_IDENTIFIER = xxxx.MethodForwardTests;
				PRODUCT_NAME = "$(TARGET_NAME)";
				TARGETED_DEVICE_FAMILY = "1,2";
				TEST_HOST = "$(BUILT_PRODUCTS_DIR)/MethodForward.app/MethodForward";
			};
			name = Release;
		};
		0993E9EC215B7A3400224AE7 /* Debug */ = {
			isa = XCBuildConfiguration;
			buildSettings = {
				CODE_SIGN_STYLE = Automatic;
				DEVELOPMENT_TEAM = T6FCKHRT95;
				INFOPLIST_FILE = MethodForwardUITests/Info.plist;
				LD_RUNPATH_SEARCH_PATHS = (
					"$(inherited)",
					"@executable_path/Frameworks",
					"@loader_path/Frameworks",
				);
				PRODUCT_BUNDLE_IDENTIFIER = xxxx.MethodForwardUITests;
				PRODUCT_NAME = "$(TARGET_NAME)";
				TARGETED_DEVICE_FAMILY = "1,2";
				TEST_TARGET_NAME = MethodForward;
			};
			name = Debug;
		};
		0993E9ED215B7A3400224AE7 /* Release */ = {
			isa = XCBuildConfiguration;
			buildSettings = {
				CODE_SIGN_STYLE = Automatic;
				DEVELOPMENT_TEAM = T6FCKHRT95;
				INFOPLIST_FILE = MethodForwardUITests/Info.plist;
				LD_RUNPATH_SEARCH_PATHS = (
					"$(inherited)",
					"@executable_path/Frameworks",
					"@loader_path/Frameworks",
				);
				PRODUCT_BUNDLE_IDENTIFIER = xxxx.MethodForwardUITests;
				PRODUCT_NAME = "$(TARGET_NAME)";
				TARGETED_DEVICE_FAMILY = "1,2";
				TEST_TARGET_NAME = MethodForward;
			};
			name = Release;
		};
/* End XCBuildConfiguration section */

/* Begin XCConfigurationList section */
		0993E9B4215B7A3200224AE7 /* Build configuration list for PBXProject "MethodForward" */ = {
			isa = XCConfigurationList;
			buildConfigurations = (
				0993E9E3215B7A3400224AE7 /* Debug */,
				0993E9E4215B7A3400224AE7 /* Release */,
			);
			defaultConfigurationIsVisible = 0;
			defaultConfigurationName = Release;
		};
		0993E9E5215B7A3400224AE7 /* Build configuration list for PBXNativeTarget "MethodForward" */ = {
			isa = XCConfigurationList;
			buildConfigurations = (
				0993E9E6215B7A3400224AE7 /* Debug */,
				0993E9E7215B7A3400224AE7 /* Release */,
			);
			defaultConfigurationIsVisible = 0;
			defaultConfigurationName = Release;
		};
		0993E9E8215B7A3400224AE7 /* Build configuration list for PBXNativeTarget "MethodForwardTests" */ = {
			isa = XCConfigurationList;
			buildConfigurations = (
				0993E9E9215B7A3400224AE7 /* Debug */,
				0993E9EA215B7A3400224AE7 /* Release */,
			);
			defaultConfigurationIsVisible = 0;
			defaultConfigurationName = Release;
		};
		0993E9EB215B7A3400224AE7 /* Build configuration list for PBXNativeTarget "MethodForwardUITests" */ = {
			isa = XCConfigurationList;
			buildConfigurations = (
				0993E9EC215B7A3400224AE7 /* Debug */,
				0993E9ED215B7A3400224AE7 /* Release */,
			);
			defaultConfigurationIsVisible = 0;
			defaultConfigurationName = Release;
		};
/* End XCConfigurationList section */
	};
	rootObject = 0993E9B1215B7A3200224AE7 /* Project object */;
}
